hash: fe3eb5dc525020fe7ee002f7421673242d976a9fb76ff0eba00249bd332c5335
updated: 2017-02-02T15:11:57.360649444+01:00
imports:
- name: github.com/kelseyhightower/envconfig
  version: f611eb38b3875cc3bd991ca91c51d06446afa14c
- name: github.com/satyrius/gonx
  version: f1c51f19b2b87faac9db82567fa41165c31edc7d
testImports: []
